
Microsoft Visual Studio Solution File, Format Version 12.00
# Visual Studio Version 16
VisualStudioVersion = 16.0.30503.244
MinimumVisualStudioVersion = 10.0.40219.1
Project("{FAE04EC0-301F-11D3-BF4B-00C04F79EFBC}") = "AzureDevops", "AzureDevops\AzureDevops.csproj", "{CA0A6C2E-03F8-4604-BC05-3EDDF774BCF3}"
EndProject
Global
	GlobalSection(SolutionConfigurationPlatforms) = preSolution
		Debug|Any CPU = Debug|Any CPU
		Release|Any CPU = Release|Any CPU
	EndGlobalSection
	GlobalSection(ProjectConfigurationPlatforms) = postSolution
		{CA0A6C2E-03F8-4604-BC05-3EDDF774BCF3}.Debug|Any CPU.ActiveCfg = Debug|Any CPU
		{CA0A6C2E-03F8-4604-BC05-3EDDF774BCF3}.Debug|Any CPU.Build.0 = Debug|Any CPU
		{CA0A6C2E-03F8-4604-BC05-3EDDF774BCF3}.Release|Any CPU.ActiveCfg = Release|Any CPU
		{CA0A6C2E-03F8-4604-BC05-3EDDF774BCF3}.Release|Any CPU.Build.0 = Release|Any CPU
	EndGlobalSection
	GlobalSection(SolutionProperties) = preSolution
		HideSolutionNode = FALSE
	EndGlobalSection
	GlobalSection(ExtensibilityGlobals) = postSolution
		SolutionGuid = {898A5DE0-B231-414D-9CBE-ABBF59FD6C96}
	EndGlobalSection
EndGlobal
